Microsoft Visual Studio Solution File, Format Version 12.00
# Visual Studio Version 17
VisualStudioVersion = 17.5.2.0
MinimumVisualStudioVersion = 10.0.40219.1
Project("{2150E333-8FDC-42A3-9474-1A3956D46DE8}") = "test-resources", "test-resources", "{0FC3CE51-0851-2B61-E514-6D0808736C8F}"
EndProject
Project("{2150E333-8FDC-42A3-9474-1A3956D46DE8}") = "images", "images", "{011BDCA8-E5EE-9E14-FF24-A59B216152F3}"
EndProject
Project("{2150E333-8FDC-42A3-9474-1A3956D46DE8}") = "dotnet", "dotnet", "{5EC41E22-779E-43BB-2BB4-550DCC5C3A39}"
EndProject
Project("{FAE04EC0-301F-11D3-BF4B-00C04F79EFBC}") = "app", "test-resources\dotnet\app.csproj", "{FDB0B0AF-2136-691E-9B5A-A65C5AC5C682}"
EndProject
Project("{2150E333-8FDC-42A3-9474-1A3956D46DE8}") = "instrumentation", "instrumentation", "{B2E57F70-7953-9F25-8C0E-611C691F7CC8}"
EndProject
Project("{2150E333-8FDC-42A3-9474-1A3956D46DE8}") = "test", "test", "{4B034EEB-F3A5-E50F-2609-C69F51BBFA89}"
EndProject
Project("{2150E333-8FDC-42A3-9474-1A3956D46DE8}") = "dotnet", "dotnet", "{3C57CCB4-C44F-F3EA-8DC8-A504284AA300}"
EndProject
Project("{2150E333-8FDC-42A3-9474-1A3956D46DE8}") = "test-cases", "test-cases", "{70C16DD3-7ED2-BA3A-7F88-8E46A94250CA}"
EndProject
Project("{2150E333-8FDC-42A3-9474-1A3956D46DE8}") = "existing-env-var-return-unmodified", "existing-env-var-return-unmodified", "{94A51F9C-FC5B-7A78-16EC-130715B7C6AF}"
EndProject
Project("{FAE04EC0-301F-11D3-BF4B-00C04F79EFBC}") = "app", "images\instrumentation\test\dotnet\test-cases\existing-env-var-return-unmodified\app.csproj", "{2065783F-C39E-7F22-ED83-3A43646D7163}"
EndProject
Project("{2150E333-8FDC-42A3-9474-1A3956D46DE8}") = "otel-resource-attributes-unset", "otel-resource-attributes-unset", "{90483063-C12B-A537-04E4-5B6B08BF7631}"
EndProject
Project("{FAE04EC0-301F-11D3-BF4B-00C04F79EFBC}") = "app", "images\instrumentation\test\dotnet\test-cases\otel-resource-attributes-unset\app.csproj", "{EDFCF057-A5C1-E5DE-F16F-536EC6B40CE6}"
EndProject
Project("{2150E333-8FDC-42A3-9474-1A3956D46DE8}") = "non-existing-env-var-return-null", "non-existing-env-var-return-null", "{9FA9E29E-203C-94F0-B293-F29807C282C4}"
EndProject
Project("{FAE04EC0-301F-11D3-BF4B-00C04F79EFBC}") = "app", "images\instrumentation\test\dotnet\test-cases\non-existing-env-var-return-null\app.csproj", "{878B3357-63C3-39A6-F72B-588E98DD2E1D}"
EndProject
Project("{2150E333-8FDC-42A3-9474-1A3956D46DE8}") = "profiler-env-vars-unset", "profiler-env-vars-unset", "{F31B48BD-3EE6-F7F3-CAFC-2297848FCF9C}"
EndProject
Project("{FAE04EC0-301F-11D3-BF4B-00C04F79EFBC}") = "app", "images\instrumentation\test\dotnet\test-cases\profiler-env-vars-unset\app.csproj", "{79479520-1F98-DF23-084C-2E97CB801730}"
EndProject
Project("{2150E333-8FDC-42A3-9474-1A3956D46DE8}") = "otel-resource-attributes-already-set", "otel-resource-attributes-already-set", "{6A724B5F-70AB-FCD0-09ED-5CB46ECE69B6}"
EndProject
Project("{FAE04EC0-301F-11D3-BF4B-00C04F79EFBC}") = "app", "images\instrumentation\test\dotnet\test-cases\otel-resource-attributes-already-set\app.csproj", "{767019E9-3F3E-A36D-146E-0D95DBF5483E}"
EndProject
Global
	GlobalSection(SolutionConfigurationPlatforms) = preSolution
		Debug|Any CPU = Debug|Any CPU
		Release|Any CPU = Release|Any CPU
	EndGlobalSection
	GlobalSection(ProjectConfigurationPlatforms) = postSolution
		{FDB0B0AF-2136-691E-9B5A-A65C5AC5C682}.Debug|Any CPU.ActiveCfg = Debug|Any CPU
		{FDB0B0AF-2136-691E-9B5A-A65C5AC5C682}.Debug|Any CPU.Build.0 = Debug|Any CPU
		{FDB0B0AF-2136-691E-9B5A-A65C5AC5C682}.Release|Any CPU.ActiveCfg = Release|Any CPU
		{FDB0B0AF-2136-691E-9B5A-A65C5AC5C682}.Release|Any CPU.Build.0 = Release|Any CPU
		{2065783F-C39E-7F22-ED83-3A43646D7163}.Debug|Any CPU.ActiveCfg = Debug|Any CPU
		{2065783F-C39E-7F22-ED83-3A43646D7163}.Debug|Any CPU.Build.0 = Debug|Any CPU
		{2065783F-C39E-7F22-ED83-3A43646D7163}.Release|Any CPU.ActiveCfg = Release|Any CPU
		{2065783F-C39E-7F22-ED83-3A43646D7163}.Release|Any CPU.Build.0 = Release|Any CPU
		{EDFCF057-A5C1-E5DE-F16F-536EC6B40CE6}.Debug|Any CPU.ActiveCfg = Debug|Any CPU
		{EDFCF057-A5C1-E5DE-F16F-536EC6B40CE6}.Debug|Any CPU.Build.0 = Debug|Any CPU
		{EDFCF057-A5C1-E5DE-F16F-536EC6B40CE6}.Release|Any CPU.ActiveCfg = Release|Any CPU
		{EDFCF057-A5C1-E5DE-F16F-536EC6B40CE6}.Release|Any CPU.Build.0 = Release|Any CPU
		{878B3357-63C3-39A6-F72B-588E98DD2E1D}.Debug|Any CPU.ActiveCfg = Debug|Any CPU
		{878B3357-63C3-39A6-F72B-588E98DD2E1D}.Debug|Any CPU.Build.0 = Debug|Any CPU
		{878B3357-63C3-39A6-F72B-588E98DD2E1D}.Release|Any CPU.ActiveCfg = Release|Any CPU
		{878B3357-63C3-39A6-F72B-588E98DD2E1D}.Release|Any CPU.Build.0 = Release|Any CPU
		{79479520-1F98-DF23-084C-2E97CB801730}.Debug|Any CPU.ActiveCfg = Debug|Any CPU
		{79479520-1F98-DF23-084C-2E97CB801730}.Debug|Any CPU.Build.0 = Debug|Any CPU
		{79479520-1F98-DF23-084C-2E97CB801730}.Release|Any CPU.ActiveCfg = Release|Any CPU
		{79479520-1F98-DF23-084C-2E97CB801730}.Release|Any CPU.Build.0 = Release|Any CPU
		{767019E9-3F3E-A36D-146E-0D95DBF5483E}.Debug|Any CPU.ActiveCfg = Debug|Any CPU
		{767019E9-3F3E-A36D-146E-0D95DBF5483E}.Debug|Any CPU.Build.0 = Debug|Any CPU
		{767019E9-3F3E-A36D-146E-0D95DBF5483E}.Release|Any CPU.ActiveCfg = Release|Any CPU
		{767019E9-3F3E-A36D-146E-0D95DBF5483E}.Release|Any CPU.Build.0 = Release|Any CPU
	EndGlobalSection
	GlobalSection(SolutionProperties) = preSolution
		HideSolutionNode = FALSE
	EndGlobalSection
	GlobalSection(NestedProjects) = preSolution
		{5EC41E22-779E-43BB-2BB4-550DCC5C3A39} = {0FC3CE51-0851-2B61-E514-6D0808736C8F}
		{FDB0B0AF-2136-691E-9B5A-A65C5AC5C682} = {5EC41E22-779E-43BB-2BB4-550DCC5C3A39}
		{B2E57F70-7953-9F25-8C0E-611C691F7CC8} = {011BDCA8-E5EE-9E14-FF24-A59B216152F3}
		{4B034EEB-F3A5-E50F-2609-C69F51BBFA89} = {B2E57F70-7953-9F25-8C0E-611C691F7CC8}
		{3C57CCB4-C44F-F3EA-8DC8-A504284AA300} = {4B034EEB-F3A5-E50F-2609-C69F51BBFA89}
		{70C16DD3-7ED2-BA3A-7F88-8E46A94250CA} = {3C57CCB4-C44F-F3EA-8DC8-A504284AA300}
		{94A51F9C-FC5B-7A78-16EC-130715B7C6AF} = {70C16DD3-7ED2-BA3A-7F88-8E46A94250CA}
		{2065783F-C39E-7F22-ED83-3A43646D7163} = {94A51F9C-FC5B-7A78-16EC-130715B7C6AF}
		{90483063-C12B-A537-04E4-5B6B08BF7631} = {70C16DD3-7ED2-BA3A-7F88-8E46A94250CA}
		{EDFCF057-A5C1-E5DE-F16F-536EC6B40CE6} = {90483063-C12B-A537-04E4-5B6B08BF7631}
		{9FA9E29E-203C-94F0-B293-F29807C282C4} = {70C16DD3-7ED2-BA3A-7F88-8E46A94250CA}
		{878B3357-63C3-39A6-F72B-588E98DD2E1D} = {9FA9E29E-203C-94F0-B293-F29807C282C4}
		{F31B48BD-3EE6-F7F3-CAFC-2297848FCF9C} = {70C16DD3-7ED2-BA3A-7F88-8E46A94250CA}
		{79479520-1F98-DF23-084C-2E97CB801730} = {F31B48BD-3EE6-F7F3-CAFC-2297848FCF9C}
		{6A724B5F-70AB-FCD0-09ED-5CB46ECE69B6} = {70C16DD3-7ED2-BA3A-7F88-8E46A94250CA}
		{767019E9-3F3E-A36D-146E-0D95DBF5483E} = {6A724B5F-70AB-FCD0-09ED-5CB46ECE69B6}
	EndGlobalSection
	GlobalSection(ExtensibilityGlobals) = postSolution
		SolutionGuid = {F78580A7-B432-49DD-9644-80D6322418A0}
	EndGlobalSection
EndGlobal
